
Microsoft Visual Studio Solution File, Format Version 12.00
# Visual Studio Version 17
VisualStudioVersion = 17.0.32014.148
MinimumVisualStudioVersion = 10.0.40219.1
Project("{FAE04EC0-301F-11D3-BF4B-00C04F79EFBC}") = "BE-CRUDMascotas", "BE-CRUDMascotas\BE-CRUDMascotas.csproj", "{CFDD02AA-1180-427D-88E3-7365250748E3}"
EndProject
Global
	GlobalSection(SolutionConfigurationPlatforms) = preSolution
		Debug|Any CPU = Debug|Any CPU
		Release|Any CPU = Release|Any CPU
	EndGlobalSection
	GlobalSection(ProjectConfigurationPlatforms) = postSolution
		{CFDD02AA-1180-427D-88E3-7365250748E3}.Debug|Any CPU.ActiveCfg = Debug|Any CPU
		{CFDD02AA-1180-427D-88E3-7365250748E3}.Debug|Any CPU.Build.0 = Debug|Any CPU
		{CFDD02AA-1180-427D-88E3-7365250748E3}.Release|Any CPU.ActiveCfg = Release|Any CPU
		{CFDD02AA-1180-427D-88E3-7365250748E3}.Release|Any CPU.Build.0 = Release|Any CPU
	EndGlobalSection
	GlobalSection(SolutionProperties) = preSolution
		HideSolutionNode = FALSE
	EndGlobalSection
	GlobalSection(ExtensibilityGlobals) = postSolution
		SolutionGuid = {8F3EF0AC-1EBB-4990-804E-0844B1D314FA}
	EndGlobalSection
EndGlobal
